
Microsoft Visual Studio Solution File, Format Version 12.00
# Visual Studio Version 17
VisualStudioVersion = 17.7.34031.279
MinimumVisualStudioVersion = 10.0.40219.1
Project("{9A19103F-16F7-4668-BE54-9A1E7A4F7556}") = "VivesShopDevosNick.UI.MVC", "VivesShopDevosNick.UI.MVC\VivesShopDevosNick.UI.MVC.csproj", "{5C1ABCEC-43B4-4C88-BDF0-8BEFF9A5B030}"
EndProject
Global
	GlobalSection(SolutionConfigurationPlatforms) = preSolution
		Debug|Any CPU = Debug|Any CPU
		Release|Any CPU = Release|Any CPU
	EndGlobalSection
	GlobalSection(ProjectConfigurationPlatforms) = postSolution
		{5C1ABCEC-43B4-4C88-BDF0-8BEFF9A5B030}.Debug|Any CPU.ActiveCfg = Debug|Any CPU
		{5C1ABCEC-43B4-4C88-BDF0-8BEFF9A5B030}.Debug|Any CPU.Build.0 = Debug|Any CPU
		{5C1ABCEC-43B4-4C88-BDF0-8BEFF9A5B030}.Release|Any CPU.ActiveCfg = Release|Any CPU
		{5C1ABCEC-43B4-4C88-BDF0-8BEFF9A5B030}.Release|Any CPU.Build.0 = Release|Any CPU
	EndGlobalSection
	GlobalSection(SolutionProperties) = preSolution
		HideSolutionNode = FALSE
	EndGlobalSection
	GlobalSection(ExtensibilityGlobals) = postSolution
		SolutionGuid = {37D450BF-2B55-4C9A-B90C-0D7CEA108871}
	EndGlobalSection
EndGlobal
